
Microsoft Visual Studio Solution File, Format Version 12.00
# Visual Studio Version 17
VisualStudioVersion = 17.6.33815.320
MinimumVisualStudioVersion = 10.0.40219.1
Project("{FAE04EC0-301F-11D3-BF4B-00C04F79EFBC}") = "Flush_API", "Flush_API\Flush_API.csproj", "{571A4B64-3364-4E3D-A6C6-0BE0CAD821E4}"
EndProject
Global
	GlobalSection(SolutionConfigurationPlatforms) = preSolution
		Debug|Any CPU = Debug|Any CPU
		Release|Any CPU = Release|Any CPU
	EndGlobalSection
	GlobalSection(ProjectConfigurationPlatforms) = postSolution
		{571A4B64-3364-4E3D-A6C6-0BE0CAD821E4}.Debug|Any CPU.ActiveCfg = Debug|Any CPU
		{571A4B64-3364-4E3D-A6C6-0BE0CAD821E4}.Debug|Any CPU.Build.0 = Debug|Any CPU
		{571A4B64-3364-4E3D-A6C6-0BE0CAD821E4}.Release|Any CPU.ActiveCfg = Release|Any CPU
		{571A4B64-3364-4E3D-A6C6-0BE0CAD821E4}.Release|Any CPU.Build.0 = Release|Any CPU
	EndGlobalSection
	GlobalSection(SolutionProperties) = preSolution
		HideSolutionNode = FALSE
	EndGlobalSection
	GlobalSection(ExtensibilityGlobals) = postSolution
		SolutionGuid = {241ACCD1-C5F9-4596-AC8D-F26198C5F322}
	EndGlobalSection
EndGlobal
